
Microsoft Visual Studio Solution File, Format Version 12.00
# Visual Studio Express 15 for Windows Desktop
VisualStudioVersion = 15.0.28307.421
MinimumVisualStudioVersion = 10.0.40219.1
Project("{FAE04EC0-301F-11D3-BF4B-00C04F79EFBC}") = "NavBall2", "NavBall2\NavBall2.csproj", "{4E79AD53-17E9-4176-9742-82237A80D9F0}"
EndProject
Global
	GlobalSection(SolutionConfigurationPlatforms) = preSolution
		Debug|Any CPU = Debug|Any CPU
		Release|Any CPU = Release|Any CPU
	EndGlobalSection
	GlobalSection(ProjectConfigurationPlatforms) = postSolution
		{4E79AD53-17E9-4176-9742-82237A80D9F0}.Debug|Any CPU.ActiveCfg = Debug|Any CPU
		{4E79AD53-17E9-4176-9742-82237A80D9F0}.Debug|Any CPU.Build.0 = Debug|Any CPU
		{4E79AD53-17E9-4176-9742-82237A80D9F0}.Release|Any CPU.ActiveCfg = Release|Any CPU
		{4E79AD53-17E9-4176-9742-82237A80D9F0}.Release|Any CPU.Build.0 = Release|Any CPU
	EndGlobalSection
	GlobalSection(SolutionProperties) = preSolution
		HideSolutionNode = FALSE
	EndGlobalSection
	GlobalSection(ExtensibilityGlobals) = postSolution
		SolutionGuid = {32A8F996-89A1-4047-8B09-29DEDB4D2060}
	EndGlobalSection
EndGlobal
